
Microsoft Visual Studio Solution File, Format Version 12.00
# Visual Studio Version 17
VisualStudioVersion = 17.12.35527.113 d17.12
MinimumVisualStudioVersion = 10.0.40219.1
Project("{FAE04EC0-301F-11D3-BF4B-00C04F79EFBC}") = "ProductClientHub.API", "ProductClientHub.API\ProductClientHub.API.csproj", "{80BADF24-EE32-4593-9FD2-5970B082CBA4}"
EndProject
Project("{FAE04EC0-301F-11D3-BF4B-00C04F79EFBC}") = "ProductClientHub.Communication", "ProductClientHub.Communication\ProductClientHub.Communication.csproj", "{4BEC45EF-863A-40C8-AE06-CD32C2EE42B1}"
EndProject
Project("{FAE04EC0-301F-11D3-BF4B-00C04F79EFBC}") = "ProductClientHub.Exceptions", "ProductClientHub.Exceptions\ProductClientHub.Exceptions.csproj", "{CE63914C-3BF4-4521-A6D5-B35FB8DAF0D1}"
EndProject
Global
	GlobalSection(SolutionConfigurationPlatforms) = preSolution
		Debug|Any CPU = Debug|Any CPU
		Release|Any CPU = Release|Any CPU
	EndGlobalSection
	GlobalSection(ProjectConfigurationPlatforms) = postSolution
		{80BADF24-EE32-4593-9FD2-5970B082CBA4}.Debug|Any CPU.ActiveCfg = Debug|Any CPU
		{80BADF24-EE32-4593-9FD2-5970B082CBA4}.Debug|Any CPU.Build.0 = Debug|Any CPU
		{80BADF24-EE32-4593-9FD2-5970B082CBA4}.Release|Any CPU.ActiveCfg = Release|Any CPU
		{80BADF24-EE32-4593-9FD2-5970B082CBA4}.Release|Any CPU.Build.0 = Release|Any CPU
		{4BEC45EF-863A-40C8-AE06-CD32C2EE42B1}.Debug|Any CPU.ActiveCfg = Debug|Any CPU
		{4BEC45EF-863A-40C8-AE06-CD32C2EE42B1}.Debug|Any CPU.Build.0 = Debug|Any CPU
		{4BEC45EF-863A-40C8-AE06-CD32C2EE42B1}.Release|Any CPU.ActiveCfg = Release|Any CPU
		{4BEC45EF-863A-40C8-AE06-CD32C2EE42B1}.Release|Any CPU.Build.0 = Release|Any CPU
		{CE63914C-3BF4-4521-A6D5-B35FB8DAF0D1}.Debug|Any CPU.ActiveCfg = Debug|Any CPU
		{CE63914C-3BF4-4521-A6D5-B35FB8DAF0D1}.Debug|Any CPU.Build.0 = Debug|Any CPU
		{CE63914C-3BF4-4521-A6D5-B35FB8DAF0D1}.Release|Any CPU.ActiveCfg = Release|Any CPU
		{CE63914C-3BF4-4521-A6D5-B35FB8DAF0D1}.Release|Any CPU.Build.0 = Release|Any CPU
	EndGlobalSection
	GlobalSection(SolutionProperties) = preSolution
		HideSolutionNode = FALSE
	EndGlobalSection
EndGlobal
